
Microsoft Visual Studio Solution File, Format Version 12.00
# Visual Studio Version 17
VisualStudioVersion = 17.0.31903.59
MinimumVisualStudioVersion = 10.0.40219.1
Project("{9A19103F-16F7-4668-BE54-9A1E7A4F7556}") = "csharpbasics", "csharpbasics\csharpbasics.csproj", "{6FBB6034-2F6C-430E-BC66-A767EF60D590}"
EndProject
Project("{FAE04EC0-301F-11D3-BF4B-00C04F79EFBC}") = "SampleProject", "SampleProject\SampleProject.csproj", "{B3ABEA77-BED2-4080-A6DF-F69BAFEE6C1C}"
EndProject
Project("{FAE04EC0-301F-11D3-BF4B-00C04F79EFBC}") = "xunit-poc", "xunit-poc\xunit-poc.csproj", "{8D812D49-3A44-4DFC-93FE-C849A42A58D9}"
EndProject
Global
	GlobalSection(SolutionConfigurationPlatforms) = preSolution
		Debug|Any CPU = Debug|Any CPU
		Release|Any CPU = Release|Any CPU
	EndGlobalSection
	GlobalSection(ProjectConfigurationPlatforms) = postSolution
		{6FBB6034-2F6C-430E-BC66-A767EF60D590}.Debug|Any CPU.ActiveCfg = Debug|Any CPU
		{6FBB6034-2F6C-430E-BC66-A767EF60D590}.Debug|Any CPU.Build.0 = Debug|Any CPU
		{6FBB6034-2F6C-430E-BC66-A767EF60D590}.Release|Any CPU.ActiveCfg = Release|Any CPU
		{6FBB6034-2F6C-430E-BC66-A767EF60D590}.Release|Any CPU.Build.0 = Release|Any CPU
		{B3ABEA77-BED2-4080-A6DF-F69BAFEE6C1C}.Debug|Any CPU.ActiveCfg = Debug|Any CPU
		{B3ABEA77-BED2-4080-A6DF-F69BAFEE6C1C}.Debug|Any CPU.Build.0 = Debug|Any CPU
		{B3ABEA77-BED2-4080-A6DF-F69BAFEE6C1C}.Release|Any CPU.ActiveCfg = Release|Any CPU
		{B3ABEA77-BED2-4080-A6DF-F69BAFEE6C1C}.Release|Any CPU.Build.0 = Release|Any CPU
		{8D812D49-3A44-4DFC-93FE-C849A42A58D9}.Debug|Any CPU.ActiveCfg = Debug|Any CPU
		{8D812D49-3A44-4DFC-93FE-C849A42A58D9}.Debug|Any CPU.Build.0 = Debug|Any CPU
		{8D812D49-3A44-4DFC-93FE-C849A42A58D9}.Release|Any CPU.ActiveCfg = Release|Any CPU
		{8D812D49-3A44-4DFC-93FE-C849A42A58D9}.Release|Any CPU.Build.0 = Release|Any CPU
	EndGlobalSection
	GlobalSection(SolutionProperties) = preSolution
		HideSolutionNode = FALSE
	EndGlobalSection
	GlobalSection(ExtensibilityGlobals) = postSolution
		SolutionGuid = {50569D29-B783-44CE-A0A5-B24AD68D709A}
	EndGlobalSection
EndGlobal
